// !$*UTF8*$!
{
	archiveVersion = 1;
	classes = {
	};
	objectVersion = 50;
	objects = {

/* Begin PBXBuildFile section */
		160C9CFD244A006500212123 /* MainPageViewController.swift in Sources */ = {isa = PBXBuildFile; fileRef = 160C9CFC244A006500212123 /* MainPageViewController.swift */; };
		1613B09324407C7C004C4459 /* Data.swift in Sources */ = {isa = PBXBuildFile; fileRef = 1613B09224407C7C004C4459 /* Data.swift */; };
		1613B09424408019004C4459 /* RestAPI.swift in Sources */ = {isa = PBXBuildFile; fileRef = 16FC211C24407167002C9315 /* RestAPI.swift */; };
		16BE6B0A243CBE2200879A7C /* DriverRegisterViewController.swift in Sources */ = {isa = PBXBuildFile; fileRef = 16BE6B09243CBE2200879A7C /* DriverRegisterViewController.swift */; };
		16FC211B24406A23002C9315 /* ToastView.swift in Sources */ = {isa = PBXBuildFile; fileRef = 16FC211A24406A23002C9315 /* ToastView.swift */; };
		16FF45A9243B178000FD4F97 /* AppDelegate.swift in Sources */ = {isa = PBXBuildFile; fileRef = 16FF45A8243B178000FD4F97 /* AppDelegate.swift */; };
		16FF45AB243B178000FD4F97 /* SceneDelegate.swift in Sources */ = {isa = PBXBuildFile; fileRef = 16FF45AA243B178000FD4F97 /* SceneDelegate.swift */; };
		16FF45AD243B178000FD4F97 /* LoginViewController.swift in Sources */ = {isa = PBXBuildFile; fileRef = 16FF45AC243B178000FD4F97 /* LoginViewController.swift */; };
		16FF45B0243B178000FD4F97 /* Main.storyboard in Resources */ = {isa = PBXBuildFile; fileRef = 16FF45AE243B178000FD4F97 /* Main.storyboard */; };
		16FF45B2243B178200FD4F97 /* Assets.xcassets in Resources */ = {isa = PBXBuildFile; fileRef = 16FF45B1243B178200FD4F97 /* Assets.xcassets */; };
		16FF45B5243B178200FD4F97 /* LaunchScreen.storyboard in Resources */ = {isa = PBXBuildFile; fileRef = 16FF45B3243B178200FD4F97 /* LaunchScreen.storyboard */; };
		16FF45BD243B25E100FD4F97 /* RegisterViewController.swift in Sources */ = {isa = PBXBuildFile; fileRef = 16FF45BC243B25E100FD4F97 /* RegisterViewController.swift */; };
/* End PBXBuildFile section */

/* Begin PBXFileReference section */
		160C9CFC244A006500212123 /* MainPageViewController.swift */ = {isa = PBXFileReference; lastKnownFileType = sourcecode.swift; path = MainPageViewController.swift; sourceTree = "<group>"; };
		1613B09224407C7C004C4459 /* Data.swift */ = {isa = PBXFileReference; lastKnownFileType = sourcecode.swift; path = Data.swift; sourceTree = "<group>"; };
		16BE6B09243CBE2200879A7C /* DriverRegisterViewController.swift */ = {isa = PBXFileReference; lastKnownFileType = sourcecode.swift; path = DriverRegisterViewController.swift; sourceTree = "<group>"; };
		16D376D22451DC9A00CF936F /* currentLocation.gpx */ = {isa = PBXFileReference; lastKnownFileType = text.xml; name = currentLocation.gpx; path = ../../../currentLocation.gpx; sourceTree = "<group>"; };
		16FC211A24406A23002C9315 /* ToastView.swift */ = {isa = PBXFileReference; lastKnownFileType = sourcecode.swift; path = ToastView.swift; sourceTree = "<group>"; };
		16FC211C24407167002C9315 /* RestAPI.swift */ = {isa = PBXFileReference; lastKnownFileType = sourcecode.swift; path = RestAPI.swift; sourceTree = "<group>"; };
		16FF45A5243B178000FD4F97 /* TaxiApp.app */ = {isa = PBXFileReference; explicitFileType = wrapper.application; includeInIndex = 0; path = TaxiApp.app; sourceTree = BUILT_PRODUCTS_DIR; };
		16FF45A8243B178000FD4F97 /* AppDelegate.swift */ = {isa = PBXFileReference; lastKnownFileType = sourcecode.swift; path = AppDelegate.swift; sourceTree = "<group>"; };
		16FF45AA243B178000FD4F97 /* SceneDelegate.swift */ = {isa = PBXFileReference; lastKnownFileType = sourcecode.swift; path = SceneDelegate.swift; sourceTree = "<group>"; };
		16FF45AC243B178000FD4F97 /* LoginViewController.swift */ = {isa = PBXFileReference; lastKnownFileType = sourcecode.swift; path = LoginViewController.swift; sourceTree = "<group>"; };
		16FF45AF243B178000FD4F97 /* Base */ = {isa = PBXFileReference; lastKnownFileType = file.storyboard; name = Base; path = Base.lproj/Main.storyboard; sourceTree = "<group>"; };
		16FF45B1243B178200FD4F97 /* Assets.xcassets */ = {isa = PBXFileReference; lastKnownFileType = folder.assetcatalog; path = Assets.xcassets; sourceTree = "<group>"; };
		16FF45B4243B178200FD4F97 /* Base */ = {isa = PBXFileReference; lastKnownFileType = file.storyboard; name = Base; path = Base.lproj/LaunchScreen.storyboard; sourceTree = "<group>"; };
		16FF45B6243B178200FD4F97 /* Info.plist */ = {isa = PBXFileReference; lastKnownFileType = text.plist.xml; path = Info.plist; sourceTree = "<group>"; };
		16FF45BC243B25E100FD4F97 /* RegisterViewController.swift */ = {isa = PBXFileReference; lastKnownFileType = sourcecode.swift; path = RegisterViewController.swift; sourceTree = "<group>"; };
/* End PBXFileReference section */

/* Begin PBXFrameworksBuildPhase section */
		16FF45A2243B178000FD4F97 /* Frameworks */ = {
			isa = PBXFrameworksBuildPhase;
			buildActionMask = 2147483647;
			files = (
			);
			runOnlyForDeploymentPostprocessing = 0;
		};
/* End PBXFrameworksBuildPhase section */

/* Begin PBXGroup section */
		16FF459C243B178000FD4F97 = {
			isa = PBXGroup;
			children = (
				16D376D22451DC9A00CF936F /* currentLocation.gpx */,
				16FF45A7243B178000FD4F97 /* TaxiApp */,
				16FF45A6243B178000FD4F97 /* Products */,
			);
			sourceTree = "<group>";
		};
		16FF45A6243B178000FD4F97 /* Products */ = {
			isa = PBXGroup;
			children = (
				16FF45A5243B178000FD4F97 /* TaxiApp.app */,
			);
			name = Products;
			sourceTree = "<group>";
		};
		16FF45A7243B178000FD4F97 /* TaxiApp */ = {
			isa = PBXGroup;
			children = (
				16FC211C24407167002C9315 /* RestAPI.swift */,
				1613B09224407C7C004C4459 /* Data.swift */,
				16BE6B09243CBE2200879A7C /* DriverRegisterViewController.swift */,
				16FF45A8243B178000FD4F97 /* AppDelegate.swift */,
				16FF45AA243B178000FD4F97 /* SceneDelegate.swift */,
				16FF45AC243B178000FD4F97 /* LoginViewController.swift */,
				16FF45AE243B178000FD4F97 /* Main.storyboard */,
				16FF45B1243B178200FD4F97 /* Assets.xcassets */,
				16FF45B3243B178200FD4F97 /* LaunchScreen.storyboard */,
				16FF45B6243B178200FD4F97 /* Info.plist */,
				16FF45BC243B25E100FD4F97 /* RegisterViewController.swift */,
				16FC211A24406A23002C9315 /* ToastView.swift */,
				160C9CFC244A006500212123 /* MainPageViewController.swift */,
			);
			path = TaxiApp;
			sourceTree = "<group>";
		};
/* End PBXGroup section */

/* Begin PBXNativeTarget section */
		16FF45A4243B178000FD4F97 /* TaxiApp */ = {
			isa = PBXNativeTarget;
			buildConfigurationList = 16FF45B9243B178200FD4F97 /* Build configuration list for PBXNativeTarget "TaxiApp" */;
			buildPhases = (
				16FF45A1243B178000FD4F97 /* Sources */,
				16FF45A2243B178000FD4F97 /* Frameworks */,
				16FF45A3243B178000FD4F97 /* Resources */,
			);
			buildRules = (
			);
			dependencies = (
			);
			name = TaxiApp;
			productName = TaxiApp;
			productReference = 16FF45A5243B178000FD4F97 /* TaxiApp.app */;
			productType = "com.apple.product-type.application";
		};
/* End PBXNativeTarget section */

/* Begin PBXProject section */
		16FF459D243B178000FD4F97 /* Project object */ = {
			isa = PBXProject;
			attributes = {
				LastSwiftUpdateCheck = 1130;
				LastUpgradeCheck = 1130;
				ORGANIZATIONNAME = "Niels Wilmsen";
				TargetAttributes = {
					16FF45A4243B178000FD4F97 = {
						CreatedOnToolsVersion = 11.3.1;
					};
				};
			};
			buildConfigurationList = 16FF45A0243B178000FD4F97 /* Build configuration list for PBXProject "TaxiApp" */;
			compatibilityVersion = "Xcode 9.3";
			developmentRegion = en;
			hasScannedForEncodings = 0;
			knownRegions = (
				en,
				Base,
			);
			mainGroup = 16FF459C243B178000FD4F97;
			productRefGroup = 16FF45A6243B178000FD4F97 /* Products */;
			projectDirPath = "";
			projectRoot = "";
			targets = (
				16FF45A4243B178000FD4F97 /* TaxiApp */,
			);
		};
/* End PBXProject section */

/* Begin PBXResourcesBuildPhase section */
		16FF45A3243B178000FD4F97 /* Resources */ = {
			isa = PBXResourcesBuildPhase;
			buildActionMask = 2147483647;
			files = (
				16FF45B5243B178200FD4F97 /* LaunchScreen.storyboard in Resources */,
				16FF45B2243B178200FD4F97 /* Assets.xcassets in Resources */,
				16FF45B0243B178000FD4F97 /* Main.storyboard in Resources */,
			);
			runOnlyForDeploymentPostprocessing = 0;
		};
/* End PBXResourcesBuildPhase section */

/* Begin PBXSourcesBuildPhase section */
		16FF45A1243B178000FD4F97 /* Sources */ = {
			isa = PBXSourcesBuildPhase;
			buildActionMask = 2147483647;
			files = (
				1613B09424408019004C4459 /* RestAPI.swift in Sources */,
				16BE6B0A243CBE2200879A7C /* DriverRegisterViewController.swift in Sources */,
				16FF45AD243B178000FD4F97 /* LoginViewController.swift in Sources */,
				16FF45A9243B178000FD4F97 /* AppDelegate.swift in Sources */,
				16FF45AB243B178000FD4F97 /* SceneDelegate.swift in Sources */,
				16FC211B24406A23002C9315 /* ToastView.swift in Sources */,
				16FF45BD243B25E100FD4F97 /* RegisterViewController.swift in Sources */,
				160C9CFD244A006500212123 /* MainPageViewController.swift in Sources */,
				1613B09324407C7C004C4459 /* Data.swift in Sources */,
			);
			runOnlyForDeploymentPostprocessing = 0;
		};
/* End PBXSourcesBuildPhase section */

/* Begin PBXVariantGroup section */
		16FF45AE243B178000FD4F97 /* Main.storyboard */ = {
			isa = PBXVariantGroup;
			children = (
				16FF45AF243B178000FD4F97 /* Base */,
			);
			name = Main.storyboard;
			sourceTree = "<group>";
		};
		16FF45B3243B178200FD4F97 /* LaunchScreen.storyboard */ = {
			isa = PBXVariantGroup;
			children = (
				16FF45B4243B178200FD4F97 /* Base */,
			);
			name = LaunchScreen.storyboard;
			sourceTree = "<group>";
		};
/* End PBXVariantGroup section */

/* Begin XCBuildConfiguration section */
		16FF45B7243B178200FD4F97 /* Debug */ = {
			isa = XCBuildConfiguration;
			buildSettings = {
				ALWAYS_SEARCH_USER_PATHS = NO;
				CLANG_ANALYZER_NONNULL = YES;
				CLANG_ANALYZER_NUMBER_OBJECT_CONVERSION = YES_AGGRESSIVE;
				CLANG_CXX_LANGUAGE_STANDARD = "gnu++14";
				CLANG_CXX_LIBRARY = "libc++";
				CLANG_ENABLE_MODULES = YES;
				CLANG_ENABLE_OBJC_ARC = YES;
				CLANG_ENABLE_OBJC_WEAK = YES;
				CLANG_WARN_BLOCK_CAPTURE_AUTORELEASING = YES;
				CLANG_WARN_BOOL_CONVERSION = YES;
				CLANG_WARN_COMMA = YES;
				CLANG_WARN_CONSTANT_CONVERSION = YES;
				CLANG_WARN_DEPRECATED_OBJC_IMPLEMENTATIONS = YES;
				CLANG_WARN_DIRECT_OBJC_ISA_USAGE = YES_ERROR;
				CLANG_WARN_DOCUMENTATION_COMMENTS = YES;
				CLANG_WARN_EMPTY_BODY = YES;
				CLANG_WARN_ENUM_CONVERSION = YES;
				CLANG_WARN_INFINITE_RECURSION = YES;
				CLANG_WARN_INT_CONVERSION = YES;
				CLANG_WARN_NON_LITERAL_NULL_CONVERSION = YES;
				CLANG_WARN_OBJC_IMPLICIT_RETAIN_SELF = YES;
				CLANG_WARN_OBJC_LITERAL_CONVERSION = YES;
				CLANG_WARN_OBJC_ROOT_CLASS = YES_ERROR;
				CLANG_WARN_RANGE_LOOP_ANALYSIS = YES;
				CLANG_WARN_STRICT_PROTOTYPES = YES;
				CLANG_WARN_SUSPICIOUS_MOVE = YES;
				CLANG_WARN_UNGUARDED_AVAILABILITY = YES_AGGRESSIVE;
				CLANG_WARN_UNREACHABLE_CODE = YES;
				CLANG_WARN__DUPLICATE_METHOD_MATCH = YES;
				COPY_PHASE_STRIP = NO;
				DEBUG_INFORMATION_FORMAT = dwarf;
				ENABLE_STRICT_OBJC_MSGSEND = YES;
				ENABLE_TESTABILITY = YES;
				GCC_C_LANGUAGE_STANDARD = gnu11;
				GCC_DYNAMIC_NO_PIC = NO;
				GCC_NO_COMMON_BLOCKS = YES;
				GCC_OPTIMIZATION_LEVEL = 0;
				GCC_PREPROCESSOR_DEFINITIONS = (
					"DEBUG=1",
					"$(inherited)",
				);
				GCC_WARN_64_TO_32_BIT_CONVERSION = YES;
				GCC_WARN_ABOUT_RETURN_TYPE = YES_ERROR;
				GCC_WARN_UNDECLARED_SELECTOR = YES;
				GCC_WARN_UNINITIALIZED_AUTOS = YES_AGGRESSIVE;
				GCC_WARN_UNUSED_FUNCTION = YES;
				GCC_WARN_UNUSED_VARIABLE = YES;
				IPHONEOS_DEPLOYMENT_TARGET = 13.2;
				MTL_ENABLE_DEBUG_INFO = INCLUDE_SOURCE;
				MTL_FAST_MATH = YES;
				ONLY_ACTIVE_ARCH = YES;
				SDKROOT = iphoneos;
				SWIFT_ACTIVE_COMPILATION_CONDITIONS = DEBUG;
				SWIFT_OPTIMIZATION_LEVEL = "-Onone";
			};
			name = Debug;
		};
		16FF45B8243B178200FD4F97 /* Release */ = {
			isa = XCBuildConfiguration;
			buildSettings = {
				ALWAYS_SEARCH_USER_PATHS = NO;
				CLANG_ANALYZER_NONNULL = YES;
				CLANG_ANALYZER_NUMBER_OBJECT_CONVERSION = YES_AGGRESSIVE;
				CLANG_CXX_LANGUAGE_STANDARD = "gnu++14";
				CLANG_CXX_LIBRARY = "libc++";
				CLANG_ENABLE_MODULES = YES;
				CLANG_ENABLE_OBJC_ARC = YES;
				CLANG_ENABLE_OBJC_WEAK = YES;
				CLANG_WARN_BLOCK_CAPTURE_AUTORELEASING = YES;
				CLANG_WARN_BOOL_CONVERSION = YES;
				CLANG_WARN_COMMA = YES;
				CLANG_WARN_CONSTANT_CONVERSION = YES;
				CLANG_WARN_DEPRECATED_OBJC_IMPLEMENTATIONS = YES;
				CLANG_WARN_DIRECT_OBJC_ISA_USAGE = YES_ERROR;
				CLANG_WARN_DOCUMENTATION_COMMENTS = YES;
				CLANG_WARN_EMPTY_BODY = YES;
				CLANG_WARN_ENUM_CONVERSION = YES;
				CLANG_WARN_INFINITE_RECURSION = YES;
				CLANG_WARN_INT_CONVERSION = YES;
				CLANG_WARN_NON_LITERAL_NULL_CONVERSION = YES;
				CLANG_WARN_OBJC_IMPLICIT_RETAIN_SELF = YES;
				CLANG_WARN_OBJC_LITERAL_CONVERSION = YES;
				CLANG_WARN_OBJC_ROOT_CLASS = YES_ERROR;
				CLANG_WARN_RANGE_LOOP_ANALYSIS = YES;
				CLANG_WARN_STRICT_PROTOTYPES = YES;
				CLANG_WARN_SUSPICIOUS_MOVE = YES;
				CLANG_WARN_UNGUARDED_AVAILABILITY = YES_AGGRESSIVE;
				CLANG_WARN_UNREACHABLE_CODE = YES;
				CLANG_WARN__DUPLICATE_METHOD_MATCH = YES;
				COPY_PHASE_STRIP = NO;
				DEBUG_INFORMATION_FORMAT = "dwarf-with-dsym";
				ENABLE_NS_ASSERTIONS = NO;
				ENABLE_STRICT_OBJC_MSGSEND = YES;
				GCC_C_LANGUAGE_STANDARD = gnu11;
				GCC_NO_COMMON_BLOCKS = YES;
				GCC_WARN_64_TO_32_BIT_CONVERSION = YES;
				GCC_WARN_ABOUT_RETURN_TYPE = YES_ERROR;
				GCC_WARN_UNDECLARED_SELECTOR = YES;
				GCC_WARN_UNINITIALIZED_AUTOS = YES_AGGRESSIVE;
				GCC_WARN_UNUSED_FUNCTION = YES;
				GCC_WARN_UNUSED_VARIABLE = YES;
				IPHONEOS_DEPLOYMENT_TARGET = 13.2;
				MTL_ENABLE_DEBUG_INFO = NO;
				MTL_FAST_MATH = YES;
				SDKROOT = iphoneos;
				SWIFT_COMPILATION_MODE = wholemodule;
				SWIFT_OPTIMIZATION_LEVEL = "-O";
				VALIDATE_PRODUCT = YES;
			};
			name = Release;
		};
		16FF45BA243B178200FD4F97 /* Debug */ = {
			isa = XCBuildConfiguration;
			buildSettings = {
				ASSETCATALOG_COMPILER_APPICON_NAME = AppIcon;
				CODE_SIGN_STYLE = Automatic;
				DEVELOPMENT_TEAM = "";
				INFOPLIST_FILE = TaxiApp/Info.plist;
				LD_RUNPATH_SEARCH_PATHS = (
					"$(inherited)",
					"@executable_path/Frameworks",
				);
				PRODUCT_BUNDLE_IDENTIFIER = nl.fontys.prj4.TaxiApp;
				PRODUCT_NAME = "$(TARGET_NAME)";
				SWIFT_VERSION = 5.0;
				TARGETED_DEVICE_FAMILY = "1,2";
			};
			name = Debug;
		};
		16FF45BB243B178200FD4F97 /* Release */ = {
			isa = XCBuildConfiguration;
			buildSettings = {
				ASSETCATALOG_COMPILER_APPICON_NAME = AppIcon;
				CODE_SIGN_STYLE = Automatic;
				DEVELOPMENT_TEAM = Z9995N9Q56;
				INFOPLIST_FILE = TaxiApp/Info.plist;
				LD_RUNPATH_SEARCH_PATHS = (
					"$(inherited)",
					"@executable_path/Frameworks",
				);
				PRODUCT_BUNDLE_IDENTIFIER = nl.fontys.prj4.TaxiApp;
				PRODUCT_NAME = "$(TARGET_NAME)";
				SWIFT_VERSION = 5.0;
				TARGETED_DEVICE_FAMILY = "1,2";
			};
			name = Release;
		};
/* End XCBuildConfiguration section */

/* Begin XCConfigurationList section */
		16FF45A0243B178000FD4F97 /* Build configuration list for PBXProject "TaxiApp" */ = {
			isa = XCConfigurationList;
			buildConfigurations = (
				16FF45B7243B178200FD4F97 /* Debug */,
				16FF45B8243B178200FD4F97 /* Release */,
			);
			defaultConfigurationIsVisible = 0;
			defaultConfigurationName = Release;
		};
		16FF45B9243B178200FD4F97 /* Build configuration list for PBXNativeTarget "TaxiApp" */ = {
			isa = XCConfigurationList;
			buildConfigurations = (
				16FF45BA243B178200FD4F97 /* Debug */,
				16FF45BB243B178200FD4F97 /* Release */,
			);
			defaultConfigurationIsVisible = 0;
			defaultConfigurationName = Release;
		};
/* End XCConfigurationList section */
	};
	rootObject = 16FF459D243B178000FD4F97 /* Project object */;
}
